
Microsoft Visual Studio Solution File, Format Version 12.00
# Visual Studio Version 16
VisualStudioVersion = 16.0.30320.27
MinimumVisualStudioVersion = 10.0.40219.1
Project("{FAE04EC0-301F-11D3-BF4B-00C04F79EFBC}") = "AspSeaTurtleOnTheWay", "AspSeaTurtleOnTheWay\AspSeaTurtleOnTheWay.csproj", "{0CBABA67-77BF-4F9C-99AA-484D02DD321D}"
EndProject
Global
	GlobalSection(SolutionConfigurationPlatforms) = preSolution
		Debug|Any CPU = Debug|Any CPU
		Release|Any CPU = Release|Any CPU
	EndGlobalSection
	GlobalSection(ProjectConfigurationPlatforms) = postSolution
		{0CBABA67-77BF-4F9C-99AA-484D02DD321D}.Debug|Any CPU.ActiveCfg = Debug|Any CPU
		{0CBABA67-77BF-4F9C-99AA-484D02DD321D}.Debug|Any CPU.Build.0 = Debug|Any CPU
		{0CBABA67-77BF-4F9C-99AA-484D02DD321D}.Release|Any CPU.ActiveCfg = Release|Any CPU
		{0CBABA67-77BF-4F9C-99AA-484D02DD321D}.Release|Any CPU.Build.0 = Release|Any CPU
	EndGlobalSection
	GlobalSection(SolutionProperties) = preSolution
		HideSolutionNode = FALSE
	EndGlobalSection
	GlobalSection(ExtensibilityGlobals) = postSolution
		SolutionGuid = {B223E4F1-65FC-4BC2-9C34-5DBFD46319D1}
	EndGlobalSection
EndGlobal
